
Microsoft Visual Studio Solution File, Format Version 12.00
# Visual Studio Version 17
VisualStudioVersion = 17.7.34018.315
MinimumVisualStudioVersion = 10.0.40219.1
Project("{9A19103F-16F7-4668-BE54-9A1E7A4F7556}") = "DocumentManagement", "DocumentManagement.csproj", "{D7FC6FE4-86AC-4643-9EF3-271BC3DF62E3}"
EndProject
Global
	GlobalSection(SolutionConfigurationPlatforms) = preSolution
		Debug|Any CPU = Debug|Any CPU
		Release|Any CPU = Release|Any CPU
	EndGlobalSection
	GlobalSection(ProjectConfigurationPlatforms) = postSolution
		{D7FC6FE4-86AC-4643-9EF3-271BC3DF62E3}.Debug|Any CPU.ActiveCfg = Debug|Any CPU
		{D7FC6FE4-86AC-4643-9EF3-271BC3DF62E3}.Debug|Any CPU.Build.0 = Debug|Any CPU
		{D7FC6FE4-86AC-4643-9EF3-271BC3DF62E3}.Release|Any CPU.ActiveCfg = Release|Any CPU
		{D7FC6FE4-86AC-4643-9EF3-271BC3DF62E3}.Release|Any CPU.Build.0 = Release|Any CPU
	EndGlobalSection
	GlobalSection(SolutionProperties) = preSolution
		HideSolutionNode = FALSE
	EndGlobalSection
	GlobalSection(ExtensibilityGlobals) = postSolution
		SolutionGuid = {81F8FA3A-88E9-4D26-91DF-5565E3D2137F}
	EndGlobalSection
EndGlobal
